{
    "name": "@myndzi/glossy",
    "version": "0.1.12",
    "lockfileVersion": 2,
    "requires": true,
    "packages": {
        "": {
            "name": "@myndzi/glossy",
            "version": "0.1.12",
            "engines": {
                "node": ">= 0.10.0"
            }
        }
    }
}
